
Microsoft Visual Studio Solution File, Format Version 12.00
# Visual Studio Version 17
VisualStudioVersion = 17.5.33502.453
MinimumVisualStudioVersion = 10.0.40219.1
Project("{9A19103F-16F7-4668-BE54-9A1E7A4F7556}") = "ProfcomApp", "ProfcomApp\ProfcomApp.csproj", "{5D450974-21CC-4377-A6CE-4FC0F09B4D4E}"
EndProject
Global
	GlobalSection(SolutionConfigurationPlatforms) = preSolution
		Debug|Any CPU = Debug|Any CPU
		Release|Any CPU = Release|Any CPU
	EndGlobalSection
	GlobalSection(ProjectConfigurationPlatforms) = postSolution
		{5D450974-21CC-4377-A6CE-4FC0F09B4D4E}.Debug|Any CPU.ActiveCfg = Debug|Any CPU
		{5D450974-21CC-4377-A6CE-4FC0F09B4D4E}.Debug|Any CPU.Build.0 = Debug|Any CPU
		{5D450974-21CC-4377-A6CE-4FC0F09B4D4E}.Release|Any CPU.ActiveCfg = Release|Any CPU
		{5D450974-21CC-4377-A6CE-4FC0F09B4D4E}.Release|Any CPU.Build.0 = Release|Any CPU
	EndGlobalSection
	GlobalSection(SolutionProperties) = preSolution
		HideSolutionNode = FALSE
	EndGlobalSection
	GlobalSection(ExtensibilityGlobals) = postSolution
		SolutionGuid = {EAA58538-130D-474F-95FC-C6D730F14F31}
	EndGlobalSection
EndGlobal
